
Microsoft Visual Studio Solution File, Format Version 12.00
# Visual Studio Version 17
VisualStudioVersion = 17.6.33829.357
MinimumVisualStudioVersion = 10.0.40219.1
Project("{9A19103F-16F7-4668-BE54-9A1E7A4F7556}") = "PRESENTACION", "PRESENTACION\PRESENTACION.csproj", "{89EF4D10-82FC-4C50-B6FD-B3F80FB2D2D1}"
EndProject
Project("{9A19103F-16F7-4668-BE54-9A1E7A4F7556}") = "NEGOCIO", "..\NEGOCIO\NEGOCIO\NEGOCIO.csproj", "{74673874-468E-4989-85E7-3E66A7C7B597}"
EndProject
Project("{9A19103F-16F7-4668-BE54-9A1E7A4F7556}") = "PERSISTENCIA", "..\PERSISTENCIA\PERSISTENCIA\PERSISTENCIA.csproj", "{2EB0E33F-C8E0-4DAF-BC2D-65CEAFDB27A9}"
EndProject
Global
	GlobalSection(SolutionConfigurationPlatforms) = preSolution
		Debug|Any CPU = Debug|Any CPU
		Release|Any CPU = Release|Any CPU
	EndGlobalSection
	GlobalSection(ProjectConfigurationPlatforms) = postSolution
		{89EF4D10-82FC-4C50-B6FD-B3F80FB2D2D1}.Debug|Any CPU.ActiveCfg = Debug|Any CPU
		{89EF4D10-82FC-4C50-B6FD-B3F80FB2D2D1}.Debug|Any CPU.Build.0 = Debug|Any CPU
		{89EF4D10-82FC-4C50-B6FD-B3F80FB2D2D1}.Release|Any CPU.ActiveCfg = Release|Any CPU
		{89EF4D10-82FC-4C50-B6FD-B3F80FB2D2D1}.Release|Any CPU.Build.0 = Release|Any CPU
		{74673874-468E-4989-85E7-3E66A7C7B597}.Debug|Any CPU.ActiveCfg = Debug|Any CPU
		{74673874-468E-4989-85E7-3E66A7C7B597}.Debug|Any CPU.Build.0 = Debug|Any CPU
		{74673874-468E-4989-85E7-3E66A7C7B597}.Release|Any CPU.ActiveCfg = Release|Any CPU
		{74673874-468E-4989-85E7-3E66A7C7B597}.Release|Any CPU.Build.0 = Release|Any CPU
		{2EB0E33F-C8E0-4DAF-BC2D-65CEAFDB27A9}.Debug|Any CPU.ActiveCfg = Debug|Any CPU
		{2EB0E33F-C8E0-4DAF-BC2D-65CEAFDB27A9}.Debug|Any CPU.Build.0 = Debug|Any CPU
		{2EB0E33F-C8E0-4DAF-BC2D-65CEAFDB27A9}.Release|Any CPU.ActiveCfg = Release|Any CPU
		{2EB0E33F-C8E0-4DAF-BC2D-65CEAFDB27A9}.Release|Any CPU.Build.0 = Release|Any CPU
	EndGlobalSection
	GlobalSection(SolutionProperties) = preSolution
		HideSolutionNode = FALSE
	EndGlobalSection
	GlobalSection(ExtensibilityGlobals) = postSolution
		SolutionGuid = {9E17533F-B307-4D68-851A-A1627FFB0F86}
	EndGlobalSection
EndGlobal
